{
    "_meta": {
        "hash": {
            "sha256": "d1f969b4d797f2ebd46e6418b5ee2daf9c0e7889fa8de68a51ca869143edf033"
        },
        "pipfile-spec": 6,
        "requires": {
            "python_version": "3.8"
        },
        "sources": [
            {
                "name": "pypi",
                "url": "https://pypi.org/simple",
                "verify_ssl": true
            }
        ]
    },
    "default": {
        "neo4j": {
            "hashes": [
                "sha256:b6c49fbd60426e268ed4afbd414766444fe70aee1ac0376a0c871d75526b8251"
            ],
            "index": "pypi",
            "version": "==4.2.1"
        },
        "pytz": {
            "hashes": [
                "sha256:83a4a90894bf38e243cf052c8b58f381bfe9a7a483f6a9cab140bc7f702ac4da",
                "sha256:eb10ce3e7736052ed3623d49975ce333bcd712c7bb19a58b9e2089d4057d0798"
            ],
            "version": "==2021.1"
        },
        "redis": {
            "hashes": [
                "sha256:2ef11f489003f151777c064c5dbc6653dfb9f3eade159bcadc524619fddc2242",
                "sha256:6d65e84bc58091140081ee9d9c187aab0480097750fac44239307a3bdf0b1251"
            ],
            "index": "pypi",
            "version": "==3.5.2"
        }
    },
    "develop": {}
}
